<Solution>
  <Folder Name="/src/">
    <Project Path="src/OpenThermalPrintAgent.Core/OpenThermalPrintAgent.Core.csproj" />
    <Project Path="src/OpenThermalPrintAgent.EscPos/OpenThermalPrintAgent.EscPos.csproj" />
    <Project Path="src/OpenThermalPrintAgent.Host/OpenThermalPrintAgent.Host.csproj" />
    <Project Path="src/OpenThermalPrintAgent.Windows/OpenThermalPrintAgent.Windows.csproj" />
  </Folder>
  <Folder Name="/tests/">
    <Project Path="tests/OpenThermalPrintAgent.Core.Tests/OpenThermalPrintAgent.Core.Tests.csproj" />
    <Project Path="tests/OpenThermalPrintAgent.EscPos.Tests/OpenThermalPrintAgent.EscPos.Tests.csproj" />
  </Folder>
</Solution>
